schema: '2.0'
stages:
  data_ingestion:
    cmd: python src/data_ingestion.py
    deps:
    - path: src/data_ingestion.py
      hash: md5
      md5: 8f07b9ff602e5ee808d27121c77739e5
      size: 3924
    params:
      params.yaml:
        data_ingestion.test_size: 0.25
    outs:
    - path: data/raw
      hash: md5
      md5: b9b56a8009555c264ffa187ed48a6266.dir
      size: 15731337
      nfiles: 2
  data_preprocessing:
    cmd: python src/pre_processing.py
    deps:
    - path: data/raw
      hash: md5
      md5: b9b56a8009555c264ffa187ed48a6266.dir
      size: 15731337
      nfiles: 2
    - path: src/pre_processing.py
      hash: md5
      md5: 9fed1cdab2611cbd6a6d1141c3a977b4
      size: 2952
    outs:
    - path: data/processed
      hash: md5
      md5: 3d294e85b9411c58f0a1d7b2f972abac.dir
      size: 11842217
      nfiles: 2
  feature_engineering:
    cmd: python src/feature_engineering.py
    deps:
    - path: data/processed
      hash: md5
      md5: 3d294e85b9411c58f0a1d7b2f972abac.dir
      size: 11842217
      nfiles: 2
    - path: src/feature_engineering.py
      hash: md5
      md5: b84f872099aaf0827eb61b502f9b555e
      size: 4101
    params:
      params.yaml:
        feature_engineering.max_features: 8000
    outs:
    - path: data/features
      hash: md5
      md5: 71d1a9322f0f202d97a1fda03f391f19.dir
      size: 93841878
      nfiles: 2
  model_training:
    cmd: python src/model_training.py
    deps:
    - path: data/features
      hash: md5
      md5: 71d1a9322f0f202d97a1fda03f391f19.dir
      size: 93841878
      nfiles: 2
    - path: src/model_training.py
      hash: md5
      md5: 84a86675116a49c62e96a6f85f3a34a8
      size: 2993
    params:
      params.yaml:
        model_training.C: 0.8
        model_training.kernel: linear
        model_training.random_state: 42
    outs:
    - path: models/svc_model.pkl
      hash: md5
      md5: 41b60e18f8368d1cb9c383cc6c8dcf30
      size: 105082965
  model_evaluation:
    cmd: python src/model_evaluation.py
    deps:
    - path: models/svc_model.pkl
      hash: md5
      md5: 41b60e18f8368d1cb9c383cc6c8dcf30
      size: 105082965
    - path: src/model_evaluation.py
      hash: md5
      md5: bbb5502c1f8ac5ad6a9a8c6f1028cef8
      size: 4389
    outs:
    - path: reports/evaluation_metrics.json
      hash: md5
      md5: 4fdefb9e5f7da44e340e1635fa971ec8
      size: 131
